// !$*UTF8*$!
{
	archiveVersion = 1;
	classes = {
	};
	objectVersion = 46;
	objects = {

/* Begin PBXBuildFile section */
		EE15F7651ADD43E400297BE8 /* main.m in Sources */ = {isa = PBXBuildFile; fileRef = EE15F7641ADD43E400297BE8 /* main.m */; };
		EE3728731AE153EA00E31CA9 /* test.cl in CopyFiles */ = {isa = PBXBuildFile; fileRef = EE3728711AE153C100E31CA9 /* test.cl */; };
		EE6241B31AE01B30004942F4 /* OpenCLKit.framework in Frameworks */ = {isa = PBXBuildFile; fileRef = EE6241B21AE01B1A004942F4 /* OpenCLKit.framework */; };
		EE8EB5051ADEA643009DC9C6 /* OpenCL.framework in Frameworks */ = {isa = PBXBuildFile; fileRef = EE8EB5041ADEA643009DC9C6 /* OpenCL.framework */; };
/* End PBXBuildFile section */

/* Begin PBXContainerItemProxy section */
		EE6241B11AE01B1A004942F4 /* PBXContainerItemProxy */ = {
			isa = PBXContainerItemProxy;
			containerPortal = EE6241AD1AE01B1A004942F4 /* OpenCLKit.xcodeproj */;
			proxyType = 2;
			remoteGlobalIDString = EE15F7261ADD2BB500297BE8;
			remoteInfo = OpenCLKit;
		};
		EE6241B41AE01D28004942F4 /* PBXContainerItemProxy */ = {
			isa = PBXContainerItemProxy;
			containerPortal = EE6241AD1AE01B1A004942F4 /* OpenCLKit.xcodeproj */;
			proxyType = 1;
			remoteGlobalIDString = EE15F7251ADD2BB500297BE8;
			remoteInfo = OpenCLKit;
		};
/* End PBXContainerItemProxy section */

/* Begin PBXCopyFilesBuildPhase section */
		EE15F75F1ADD43E400297BE8 /* CopyFiles */ = {
			isa = PBXCopyFilesBuildPhase;
			buildActionMask = 12;
			dstPath = "";
			dstSubfolderSpec = 16;
			files = (
				EE3728731AE153EA00E31CA9 /* test.cl in CopyFiles */,
			);
			runOnlyForDeploymentPostprocessing = 0;
		};
/* End PBXCopyFilesBuildPhase section */

/* Begin PBXFileReference section */
		EE15F7611ADD43E400297BE8 /* clicl */ = {isa = PBXFileReference; explicitFileType = "compiled.mach-o.executable"; includeInIndex = 0; path = clicl; sourceTree = BUILT_PRODUCTS_DIR; };
		EE15F7641ADD43E400297BE8 /* main.m */ = {isa = PBXFileReference; lastKnownFileType = sourcecode.c.objc; path = main.m; sourceTree = "<group>"; };
		EE3728711AE153C100E31CA9 /* test.cl */ = {isa = PBXFileReference; fileEncoding = 4; lastKnownFileType = sourcecode.opencl; path = test.cl; sourceTree = "<group>"; };
		EE6241AD1AE01B1A004942F4 /* OpenCLKit.xcodeproj */ = {isa = PBXFileReference; lastKnownFileType = "wrapper.pb-project"; name = OpenCLKit.xcodeproj; path = ../../OpenCLKit.xcodeproj; sourceTree = "<group>"; };
		EE8EB5041ADEA643009DC9C6 /* OpenCL.framework */ = {isa = PBXFileReference; lastKnownFileType = wrapper.framework; name = OpenCL.framework; path = System/Library/Frameworks/OpenCL.framework; sourceTree = SDKROOT; };
/* End PBXFileReference section */

/* Begin PBXFrameworksBuildPhase section */
		EE15F75E1ADD43E400297BE8 /* Frameworks */ = {
			isa = PBXFrameworksBuildPhase;
			buildActionMask = 2147483647;
			files = (
				EE8EB5051ADEA643009DC9C6 /* OpenCL.framework in Frameworks */,
				EE6241B31AE01B30004942F4 /* OpenCLKit.framework in Frameworks */,
			);
			runOnlyForDeploymentPostprocessing = 0;
		};
/* End PBXFrameworksBuildPhase section */

/* Begin PBXGroup section */
		EE15F7581ADD43E400297BE8 = {
			isa = PBXGroup;
			children = (
				EE15F7631ADD43E400297BE8 /* clicl */,
				EE15F76D1ADD443C00297BE8 /* Frameworks */,
				EE15F7621ADD43E400297BE8 /* Products */,
			);
			sourceTree = "<group>";
		};
		EE15F7621ADD43E400297BE8 /* Products */ = {
			isa = PBXGroup;
			children = (
				EE15F7611ADD43E400297BE8 /* clicl */,
			);
			name = Products;
			sourceTree = "<group>";
		};
		EE15F7631ADD43E400297BE8 /* clicl */ = {
			isa = PBXGroup;
			children = (
				EE15F7641ADD43E400297BE8 /* main.m */,
				EE3728711AE153C100E31CA9 /* test.cl */,
			);
			path = clicl;
			sourceTree = "<group>";
		};
		EE15F76D1ADD443C00297BE8 /* Frameworks */ = {
			isa = PBXGroup;
			children = (
				EE6241AD1AE01B1A004942F4 /* OpenCLKit.xcodeproj */,
				EE8EB5041ADEA643009DC9C6 /* OpenCL.framework */,
			);
			name = Frameworks;
			sourceTree = "<group>";
		};
		EE6241AE1AE01B1A004942F4 /* Products */ = {
			isa = PBXGroup;
			children = (
				EE6241B21AE01B1A004942F4 /* OpenCLKit.framework */,
			);
			name = Products;
			sourceTree = "<group>";
		};
/* End PBXGroup section */

/* Begin PBXNativeTarget section */
		EE15F7601ADD43E400297BE8 /* clicl */ = {
			isa = PBXNativeTarget;
			buildConfigurationList = EE15F7681ADD43E400297BE8 /* Build configuration list for PBXNativeTarget "clicl" */;
			buildPhases = (
				EE15F75D1ADD43E400297BE8 /* Sources */,
				EE15F75F1ADD43E400297BE8 /* CopyFiles */,
				EE15F75E1ADD43E400297BE8 /* Frameworks */,
			);
			buildRules = (
			);
			dependencies = (
				EE6241B51AE01D28004942F4 /* PBXTargetDependency */,
			);
			name = clicl;
			productName = clicl;
			productReference = EE15F7611ADD43E400297BE8 /* clicl */;
			productType = "com.apple.product-type.tool";
		};
/* End PBXNativeTarget section */

/* Begin PBXProject section */
		EE15F7591ADD43E400297BE8 /* Project object */ = {
			isa = PBXProject;
			attributes = {
				LastUpgradeCheck = 0630;
				ORGANIZATIONNAME = "Jan-Gerd Tenberge";
				TargetAttributes = {
					EE15F7601ADD43E400297BE8 = {
						CreatedOnToolsVersion = 6.3;
					};
				};
			};
			buildConfigurationList = EE15F75C1ADD43E400297BE8 /* Build configuration list for PBXProject "clicl" */;
			compatibilityVersion = "Xcode 3.2";
			developmentRegion = English;
			hasScannedForEncodings = 0;
			knownRegions = (
				en,
			);
			mainGroup = EE15F7581ADD43E400297BE8;
			productRefGroup = EE15F7621ADD43E400297BE8 /* Products */;
			projectDirPath = "";
			projectReferences = (
				{
					ProductGroup = EE6241AE1AE01B1A004942F4 /* Products */;
					ProjectRef = EE6241AD1AE01B1A004942F4 /* OpenCLKit.xcodeproj */;
				},
			);
			projectRoot = "";
			targets = (
				EE15F7601ADD43E400297BE8 /* clicl */,
			);
		};
/* End PBXProject section */

/* Begin PBXReferenceProxy section */
		EE6241B21AE01B1A004942F4 /* OpenCLKit.framework */ = {
			isa = PBXReferenceProxy;
			fileType = wrapper.framework;
			path = OpenCLKit.framework;
			remoteRef = EE6241B11AE01B1A004942F4 /* PBXContainerItemProxy */;
			sourceTree = BUILT_PRODUCTS_DIR;
		};
/* End PBXReferenceProxy section */

/* Begin PBXSourcesBuildPhase section */
		EE15F75D1ADD43E400297BE8 /* Sources */ = {
			isa = PBXSourcesBuildPhase;
			buildActionMask = 2147483647;
			files = (
				EE15F7651ADD43E400297BE8 /* main.m in Sources */,
			);
			runOnlyForDeploymentPostprocessing = 0;
		};
/* End PBXSourcesBuildPhase section */

/* Begin PBXTargetDependency section */
		EE6241B51AE01D28004942F4 /* PBXTargetDependency */ = {
			isa = PBXTargetDependency;
			name = OpenCLKit;
			targetProxy = EE6241B41AE01D28004942F4 /* PBXContainerItemProxy */;
		};
/* End PBXTargetDependency section */

/* Begin XCBuildConfiguration section */
		EE15F7661ADD43E400297BE8 /* Debug */ = {
			isa = XCBuildConfiguration;
			buildSettings = {
				ALWAYS_SEARCH_USER_PATHS = NO;
				CLANG_CXX_LANGUAGE_STANDARD = "gnu++0x";
				CLANG_CXX_LIBRARY = "libc++";
				CLANG_ENABLE_MODULES = YES;
				CLANG_ENABLE_OBJC_ARC = YES;
				CLANG_WARN_BOOL_CONVERSION = YES;
				CLANG_WARN_CONSTANT_CONVERSION = YES;
				CLANG_WARN_DIRECT_OBJC_ISA_USAGE = YES_ERROR;
				CLANG_WARN_EMPTY_BODY = YES;
				CLANG_WARN_ENUM_CONVERSION = YES;
				CLANG_WARN_INT_CONVERSION = YES;
				CLANG_WARN_OBJC_ROOT_CLASS = YES_ERROR;
				CLANG_WARN_UNREACHABLE_CODE = YES;
				CLANG_WARN__DUPLICATE_METHOD_MATCH = YES;
				COPY_PHASE_STRIP = NO;
				DEBUG_INFORMATION_FORMAT = dwarf;
				ENABLE_STRICT_OBJC_MSGSEND = YES;
				GCC_C_LANGUAGE_STANDARD = gnu99;
				GCC_DYNAMIC_NO_PIC = NO;
				GCC_NO_COMMON_BLOCKS = YES;
				GCC_OPTIMIZATION_LEVEL = 0;
				GCC_PREPROCESSOR_DEFINITIONS = (
					"DEBUG=1",
					"$(inherited)",
				);
				GCC_SYMBOLS_PRIVATE_EXTERN = NO;
				GCC_WARN_64_TO_32_BIT_CONVERSION = YES;
				GCC_WARN_ABOUT_RETURN_TYPE = YES_ERROR;
				GCC_WARN_UNDECLARED_SELECTOR = YES;
				GCC_WARN_UNINITIALIZED_AUTOS = YES_AGGRESSIVE;
				GCC_WARN_UNUSED_FUNCTION = YES;
				GCC_WARN_UNUSED_VARIABLE = YES;
				MACOSX_DEPLOYMENT_TARGET = 10.10;
				MTL_ENABLE_DEBUG_INFO = YES;
				ONLY_ACTIVE_ARCH = YES;
				SDKROOT = macosx;
			};
			name = Debug;
		};
		EE15F7671ADD43E400297BE8 /* Release */ = {
			isa = XCBuildConfiguration;
			buildSettings = {
				ALWAYS_SEARCH_USER_PATHS = NO;
				CLANG_CXX_LANGUAGE_STANDARD = "gnu++0x";
				CLANG_CXX_LIBRARY = "libc++";
				CLANG_ENABLE_MODULES = YES;
				CLANG_ENABLE_OBJC_ARC = YES;
				CLANG_WARN_BOOL_CONVERSION = YES;
				CLANG_WARN_CONSTANT_CONVERSION = YES;
				CLANG_WARN_DIRECT_OBJC_ISA_USAGE = YES_ERROR;
				CLANG_WARN_EMPTY_BODY = YES;
				CLANG_WARN_ENUM_CONVERSION = YES;
				CLANG_WARN_INT_CONVERSION = YES;
				CLANG_WARN_OBJC_ROOT_CLASS = YES_ERROR;
				CLANG_WARN_UNREACHABLE_CODE = YES;
				CLANG_WARN__DUPLICATE_METHOD_MATCH = YES;
				COPY_PHASE_STRIP = NO;
				DEBUG_INFORMATION_FORMAT = "dwarf-with-dsym";
				ENABLE_NS_ASSERTIONS = NO;
				ENABLE_STRICT_OBJC_MSGSEND = YES;
				GCC_C_LANGUAGE_STANDARD = gnu99;
				GCC_NO_COMMON_BLOCKS = YES;
				GCC_WARN_64_TO_32_BIT_CONVERSION = YES;
				GCC_WARN_ABOUT_RETURN_TYPE = YES_ERROR;
				GCC_WARN_UNDECLARED_SELECTOR = YES;
				GCC_WARN_UNINITIALIZED_AUTOS = YES_AGGRESSIVE;
				GCC_WARN_UNUSED_FUNCTION = YES;
				GCC_WARN_UNUSED_VARIABLE = YES;
				MACOSX_DEPLOYMENT_TARGET = 10.10;
				MTL_ENABLE_DEBUG_INFO = NO;
				SDKROOT = macosx;
			};
			name = Release;
		};
		EE15F7691ADD43E400297BE8 /* Debug */ = {
			isa = XCBuildConfiguration;
			buildSettings = {
				FRAMEWORK_SEARCH_PATHS = (
					"$(inherited)",
					"$(USER_LIBRARY_DIR)/Developer/Xcode/DerivedData/Build/Products/Debug",
				);
				LD_RUNPATH_SEARCH_PATHS = "@loader_path";
				PRODUCT_NAME = "$(TARGET_NAME)";
			};
			name = Debug;
		};
		EE15F76A1ADD43E400297BE8 /* Release */ = {
			isa = XCBuildConfiguration;
			buildSettings = {
				FRAMEWORK_SEARCH_PATHS = (
					"$(inherited)",
					"$(USER_LIBRARY_DIR)/Developer/Xcode/DerivedData/Build/Products/Debug",
				);
				LD_RUNPATH_SEARCH_PATHS = "@loader_path";
				PRODUCT_NAME = "$(TARGET_NAME)";
			};
			name = Release;
		};
/* End XCBuildConfiguration section */

/* Begin XCConfigurationList section */
		EE15F75C1ADD43E400297BE8 /* Build configuration list for PBXProject "clicl" */ = {
			isa = XCConfigurationList;
			buildConfigurations = (
				EE15F7661ADD43E400297BE8 /* Debug */,
				EE15F7671ADD43E400297BE8 /* Release */,
			);
			defaultConfigurationIsVisible = 0;
			defaultConfigurationName = Release;
		};
		EE15F7681ADD43E400297BE8 /* Build configuration list for PBXNativeTarget "clicl" */ = {
			isa = XCConfigurationList;
			buildConfigurations = (
				EE15F7691ADD43E400297BE8 /* Debug */,
				EE15F76A1ADD43E400297BE8 /* Release */,
			);
			defaultConfigurationIsVisible = 0;
			defaultConfigurationName = Release;
		};
/* End XCConfigurationList section */
	};
	rootObject = EE15F7591ADD43E400297BE8 /* Project object */;
}
